
Microsoft Visual Studio Solution File, Format Version 12.00
# Visual Studio Version 16
VisualStudioVersion = 16.0.30204.135
MinimumVisualStudioVersion = 10.0.40219.1
Project("{FAE04EC0-301F-11D3-BF4B-00C04F79EFBC}") = "WebApp-Exercise1", "WebApp-Exercise1.csproj", "{C89F8AED-048D-4D51-B64C-FA571DAD71BD}"
EndProject
Project("{FAE04EC0-301F-11D3-BF4B-00C04F79EFBC}") = "BusinessLogic", "..\BusinessLogic\BusinessLogic.csproj", "{F5BE104E-E648-4E3A-9ED4-DC2D79776706}"
EndProject
Project("{FAE04EC0-301F-11D3-BF4B-00C04F79EFBC}") = "DataAccess", "..\DataAccess\DataAccess.csproj", "{E8AFBD5B-6443-4FB5-B708-BDF096ADE87B}"
EndProject
Project("{FAE04EC0-301F-11D3-BF4B-00C04F79EFBC}") = "Entities", "..\Entities\Entities.csproj", "{C8BF2AFC-C027-4915-B742-C49B93EAE5E8}"
EndProject
Project("{FAE04EC0-301F-11D3-BF4B-00C04F79EFBC}") = "DemoTest", "..\DemoTest\DemoTest.csproj", "{8925379B-0E73-4F85-8B6E-6969426495FC}"
EndProject
Global
	GlobalSection(SolutionConfigurationPlatforms) = preSolution
		Debug|Any CPU = Debug|Any CPU
		Release|Any CPU = Release|Any CPU
	EndGlobalSection
	GlobalSection(ProjectConfigurationPlatforms) = postSolution
		{C89F8AED-048D-4D51-B64C-FA571DAD71BD}.Debug|Any CPU.ActiveCfg = Debug|Any CPU
		{C89F8AED-048D-4D51-B64C-FA571DAD71BD}.Debug|Any CPU.Build.0 = Debug|Any CPU
		{C89F8AED-048D-4D51-B64C-FA571DAD71BD}.Release|Any CPU.ActiveCfg = Release|Any CPU
		{C89F8AED-048D-4D51-B64C-FA571DAD71BD}.Release|Any CPU.Build.0 = Release|Any CPU
		{F5BE104E-E648-4E3A-9ED4-DC2D79776706}.Debug|Any CPU.ActiveCfg = Debug|Any CPU
		{F5BE104E-E648-4E3A-9ED4-DC2D79776706}.Debug|Any CPU.Build.0 = Debug|Any CPU
		{F5BE104E-E648-4E3A-9ED4-DC2D79776706}.Release|Any CPU.ActiveCfg = Release|Any CPU
		{F5BE104E-E648-4E3A-9ED4-DC2D79776706}.Release|Any CPU.Build.0 = Release|Any CPU
		{E8AFBD5B-6443-4FB5-B708-BDF096ADE87B}.Debug|Any CPU.ActiveCfg = Debug|Any CPU
		{E8AFBD5B-6443-4FB5-B708-BDF096ADE87B}.Debug|Any CPU.Build.0 = Debug|Any CPU
		{E8AFBD5B-6443-4FB5-B708-BDF096ADE87B}.Release|Any CPU.ActiveCfg = Release|Any CPU
		{E8AFBD5B-6443-4FB5-B708-BDF096ADE87B}.Release|Any CPU.Build.0 = Release|Any CPU
		{C8BF2AFC-C027-4915-B742-C49B93EAE5E8}.Debug|Any CPU.ActiveCfg = Debug|Any CPU
		{C8BF2AFC-C027-4915-B742-C49B93EAE5E8}.Debug|Any CPU.Build.0 = Debug|Any CPU
		{C8BF2AFC-C027-4915-B742-C49B93EAE5E8}.Release|Any CPU.ActiveCfg = Release|Any CPU
		{C8BF2AFC-C027-4915-B742-C49B93EAE5E8}.Release|Any CPU.Build.0 = Release|Any CPU
		{8925379B-0E73-4F85-8B6E-6969426495FC}.Debug|Any CPU.ActiveCfg = Debug|Any CPU
		{8925379B-0E73-4F85-8B6E-6969426495FC}.Debug|Any CPU.Build.0 = Debug|Any CPU
		{8925379B-0E73-4F85-8B6E-6969426495FC}.Release|Any CPU.ActiveCfg = Release|Any CPU
		{8925379B-0E73-4F85-8B6E-6969426495FC}.Release|Any CPU.Build.0 = Release|Any CPU
	EndGlobalSection
	GlobalSection(SolutionProperties) = preSolution
		HideSolutionNode = FALSE
	EndGlobalSection
	GlobalSection(ExtensibilityGlobals) = postSolution
		SolutionGuid = {353F5973-D1B2-46EF-BC83-85ADE432DC6E}
	EndGlobalSection
EndGlobal
